
Microsoft Visual Studio Solution File, Format Version 12.00
# Visual Studio 2012
Project("{FAE04EC0-301F-11D3-BF4B-00C04F79EFBC}") = "ProductManagement", "ProductManagement\ProductManagement.csproj", "{43141FDD-CF78-41E4-8BD7-F865F65C40D3}"
	ProjectSection(ProjectDependencies) = postProject
		{1C006652-9F75-4D0C-A02F-40957D144C49} = {1C006652-9F75-4D0C-A02F-40957D144C49}
	EndProjectSection
EndProject
Project("{FAE04EC0-301F-11D3-BF4B-00C04F79EFBC}") = "Controller", "Controller\Controller.csproj", "{C120836A-53B4-4701-980F-31950D217211}"
EndProject
Project("{FAE04EC0-301F-11D3-BF4B-00C04F79EFBC}") = "ModelController", "ModelController\ModelController.csproj", "{208E2424-9D36-4B81-97EA-711F5C214677}"
EndProject
Project("{FAE04EC0-301F-11D3-BF4B-00C04F79EFBC}") = "ProductWcfService", "ProductWcfService\ProductWcfService.csproj", "{1C006652-9F75-4D0C-A02F-40957D144C49}"
EndProject
Global
	GlobalSection(SolutionConfigurationPlatforms) = preSolution
		Debug|Any CPU = Debug|Any CPU
		Debug|Mixed Platforms = Debug|Mixed Platforms
		Debug|x86 = Debug|x86
		Release|Any CPU = Release|Any CPU
		Release|Mixed Platforms = Release|Mixed Platforms
		Release|x86 = Release|x86
	EndGlobalSection
	GlobalSection(ProjectConfigurationPlatforms) = postSolution
		{43141FDD-CF78-41E4-8BD7-F865F65C40D3}.Debug|Any CPU.ActiveCfg = Debug|Any CPU
		{43141FDD-CF78-41E4-8BD7-F865F65C40D3}.Debug|Any CPU.Build.0 = Debug|Any CPU
		{43141FDD-CF78-41E4-8BD7-F865F65C40D3}.Debug|Mixed Platforms.ActiveCfg = Debug|Any CPU
		{43141FDD-CF78-41E4-8BD7-F865F65C40D3}.Debug|x86.ActiveCfg = Debug|Any CPU
		{43141FDD-CF78-41E4-8BD7-F865F65C40D3}.Release|Any CPU.ActiveCfg = Release|Any CPU
		{43141FDD-CF78-41E4-8BD7-F865F65C40D3}.Release|Any CPU.Build.0 = Release|Any CPU
		{43141FDD-CF78-41E4-8BD7-F865F65C40D3}.Release|Mixed Platforms.ActiveCfg = Release|Any CPU
		{43141FDD-CF78-41E4-8BD7-F865F65C40D3}.Release|x86.ActiveCfg = Release|Any CPU
		{C120836A-53B4-4701-980F-31950D217211}.Debug|Any CPU.ActiveCfg = Debug|Any CPU
		{C120836A-53B4-4701-980F-31950D217211}.Debug|Any CPU.Build.0 = Debug|Any CPU
		{C120836A-53B4-4701-980F-31950D217211}.Debug|Mixed Platforms.ActiveCfg = Debug|Any CPU
		{C120836A-53B4-4701-980F-31950D217211}.Debug|x86.ActiveCfg = Debug|Any CPU
		{C120836A-53B4-4701-980F-31950D217211}.Release|Any CPU.ActiveCfg = Release|Any CPU
		{C120836A-53B4-4701-980F-31950D217211}.Release|Any CPU.Build.0 = Release|Any CPU
		{C120836A-53B4-4701-980F-31950D217211}.Release|Mixed Platforms.ActiveCfg = Release|Any CPU
		{C120836A-53B4-4701-980F-31950D217211}.Release|x86.ActiveCfg = Release|Any CPU
		{208E2424-9D36-4B81-97EA-711F5C214677}.Debug|Any CPU.ActiveCfg = Debug|Any CPU
		{208E2424-9D36-4B81-97EA-711F5C214677}.Debug|Any CPU.Build.0 = Debug|Any CPU
		{208E2424-9D36-4B81-97EA-711F5C214677}.Debug|Mixed Platforms.ActiveCfg = Debug|Any CPU
		{208E2424-9D36-4B81-97EA-711F5C214677}.Debug|x86.ActiveCfg = Debug|Any CPU
		{208E2424-9D36-4B81-97EA-711F5C214677}.Release|Any CPU.ActiveCfg = Release|Any CPU
		{208E2424-9D36-4B81-97EA-711F5C214677}.Release|Any CPU.Build.0 = Release|Any CPU
		{208E2424-9D36-4B81-97EA-711F5C214677}.Release|Mixed Platforms.ActiveCfg = Release|Any CPU
		{208E2424-9D36-4B81-97EA-711F5C214677}.Release|x86.ActiveCfg = Release|Any CPU
		{1C006652-9F75-4D0C-A02F-40957D144C49}.Debug|Any CPU.ActiveCfg = Debug|Any CPU
		{1C006652-9F75-4D0C-A02F-40957D144C49}.Debug|Any CPU.Build.0 = Debug|Any CPU
		{1C006652-9F75-4D0C-A02F-40957D144C49}.Debug|Mixed Platforms.ActiveCfg = Debug|Any CPU
		{1C006652-9F75-4D0C-A02F-40957D144C49}.Debug|Mixed Platforms.Build.0 = Debug|Any CPU
		{1C006652-9F75-4D0C-A02F-40957D144C49}.Debug|x86.ActiveCfg = Debug|Any CPU
		{1C006652-9F75-4D0C-A02F-40957D144C49}.Release|Any CPU.ActiveCfg = Release|Any CPU
		{1C006652-9F75-4D0C-A02F-40957D144C49}.Release|Any CPU.Build.0 = Release|Any CPU
		{1C006652-9F75-4D0C-A02F-40957D144C49}.Release|Mixed Platforms.ActiveCfg = Release|Any CPU
		{1C006652-9F75-4D0C-A02F-40957D144C49}.Release|Mixed Platforms.Build.0 = Release|Any CPU
		{1C006652-9F75-4D0C-A02F-40957D144C49}.Release|x86.ActiveCfg = Release|Any CPU
	EndGlobalSection
	GlobalSection(SolutionProperties) = preSolution
		HideSolutionNode = FALSE
	EndGlobalSection
EndGlobal
